
Microsoft Visual Studio Solution File, Format Version 12.00
# Visual Studio Version 17
VisualStudioVersion = 17.6.33801.468
MinimumVisualStudioVersion = 10.0.40219.1
Project("{9A19103F-16F7-4668-BE54-9A1E7A4F7556}") = "FrotaWeb", "FrotaWeb\FrotaWeb.csproj", "{301743A8-6D2E-4840-8157-E8A4152BD9BF}"
EndProject
Project("{9A19103F-16F7-4668-BE54-9A1E7A4F7556}") = "Service", "Service\Service.csproj", "{8D278AE7-6EC7-403B-8964-C7E1D3AC1E75}"
EndProject
Project("{9A19103F-16F7-4668-BE54-9A1E7A4F7556}") = "Core", "Core\Core.csproj", "{5CC48C2E-7BE5-4F58-93F4-5BA095AA9941}"
EndProject
Project("{9A19103F-16F7-4668-BE54-9A1E7A4F7556}") = "FrotaApi", "FrotaApi\FrotaApi.csproj", "{A00C9D1C-3E20-4CB8-830D-073FAC184A81}"
EndProject
Project("{9A19103F-16F7-4668-BE54-9A1E7A4F7556}") = "Util", "Util\Util.csproj", "{EE7E98D7-4CE4-4D6A-8F09-11283515F943}"
EndProject
Project("{FAE04EC0-301F-11D3-BF4B-00C04F79EFBC}") = "FrotaWebTests", "FrotaWebTests\FrotaWebTests.csproj", "{F7F00144-4F9D-4828-8D01-E53A9583038A}"
EndProject
Global
	GlobalSection(SolutionConfigurationPlatforms) = preSolution
		Debug|Any CPU = Debug|Any CPU
		Release|Any CPU = Release|Any CPU
	EndGlobalSection
	GlobalSection(ProjectConfigurationPlatforms) = postSolution
		{301743A8-6D2E-4840-8157-E8A4152BD9BF}.Debug|Any CPU.ActiveCfg = Debug|Any CPU
		{301743A8-6D2E-4840-8157-E8A4152BD9BF}.Debug|Any CPU.Build.0 = Debug|Any CPU
		{301743A8-6D2E-4840-8157-E8A4152BD9BF}.Release|Any CPU.ActiveCfg = Release|Any CPU
		{301743A8-6D2E-4840-8157-E8A4152BD9BF}.Release|Any CPU.Build.0 = Release|Any CPU
		{8D278AE7-6EC7-403B-8964-C7E1D3AC1E75}.Debug|Any CPU.ActiveCfg = Debug|Any CPU
		{8D278AE7-6EC7-403B-8964-C7E1D3AC1E75}.Debug|Any CPU.Build.0 = Debug|Any CPU
		{8D278AE7-6EC7-403B-8964-C7E1D3AC1E75}.Release|Any CPU.ActiveCfg = Release|Any CPU
		{8D278AE7-6EC7-403B-8964-C7E1D3AC1E75}.Release|Any CPU.Build.0 = Release|Any CPU
		{5CC48C2E-7BE5-4F58-93F4-5BA095AA9941}.Debug|Any CPU.ActiveCfg = Debug|Any CPU
		{5CC48C2E-7BE5-4F58-93F4-5BA095AA9941}.Debug|Any CPU.Build.0 = Debug|Any CPU
		{5CC48C2E-7BE5-4F58-93F4-5BA095AA9941}.Release|Any CPU.ActiveCfg = Release|Any CPU
		{5CC48C2E-7BE5-4F58-93F4-5BA095AA9941}.Release|Any CPU.Build.0 = Release|Any CPU
		{A00C9D1C-3E20-4CB8-830D-073FAC184A81}.Debug|Any CPU.ActiveCfg = Debug|Any CPU
		{A00C9D1C-3E20-4CB8-830D-073FAC184A81}.Debug|Any CPU.Build.0 = Debug|Any CPU
		{A00C9D1C-3E20-4CB8-830D-073FAC184A81}.Release|Any CPU.ActiveCfg = Release|Any CPU
		{A00C9D1C-3E20-4CB8-830D-073FAC184A81}.Release|Any CPU.Build.0 = Release|Any CPU
		{EE7E98D7-4CE4-4D6A-8F09-11283515F943}.Debug|Any CPU.ActiveCfg = Debug|Any CPU
		{EE7E98D7-4CE4-4D6A-8F09-11283515F943}.Debug|Any CPU.Build.0 = Debug|Any CPU
		{EE7E98D7-4CE4-4D6A-8F09-11283515F943}.Release|Any CPU.ActiveCfg = Release|Any CPU
		{EE7E98D7-4CE4-4D6A-8F09-11283515F943}.Release|Any CPU.Build.0 = Release|Any CPU
		{F7F00144-4F9D-4828-8D01-E53A9583038A}.Debug|Any CPU.ActiveCfg = Debug|Any CPU
		{F7F00144-4F9D-4828-8D01-E53A9583038A}.Debug|Any CPU.Build.0 = Debug|Any CPU
		{F7F00144-4F9D-4828-8D01-E53A9583038A}.Release|Any CPU.ActiveCfg = Release|Any CPU
		{F7F00144-4F9D-4828-8D01-E53A9583038A}.Release|Any CPU.Build.0 = Release|Any CPU
	EndGlobalSection
	GlobalSection(SolutionProperties) = preSolution
		HideSolutionNode = FALSE
	EndGlobalSection
	GlobalSection(ExtensibilityGlobals) = postSolution
		SolutionGuid = {8907C211-6C0B-4A02-96C3-6B61BB3A1CEC}
	EndGlobalSection
EndGlobal
