Microsoft Visual Studio Solution File, Format Version 12.00
# Visual Studio Version 17
VisualStudioVersion = 17.5.2.0
MinimumVisualStudioVersion = 10.0.40219.1
Project("{FAE04EC0-301F-11D3-BF4B-00C04F79EFBC}") = "FrotaWeb", "FrotaWeb.csproj", "{92204B35-435D-CE88-D115-60BC44EB4601}"
EndProject
Global
	GlobalSection(SolutionConfigurationPlatforms) = preSolution
		Debug|Any CPU = Debug|Any CPU
		Release|Any CPU = Release|Any CPU
	EndGlobalSection
	GlobalSection(ProjectConfigurationPlatforms) = postSolution
		{92204B35-435D-CE88-D115-60BC44EB4601}.Debug|Any CPU.ActiveCfg = Debug|Any CPU
		{92204B35-435D-CE88-D115-60BC44EB4601}.Debug|Any CPU.Build.0 = Debug|Any CPU
		{92204B35-435D-CE88-D115-60BC44EB4601}.Release|Any CPU.ActiveCfg = Release|Any CPU
		{92204B35-435D-CE88-D115-60BC44EB4601}.Release|Any CPU.Build.0 = Release|Any CPU
	EndGlobalSection
	GlobalSection(SolutionProperties) = preSolution
		HideSolutionNode = FALSE
	EndGlobalSection
	GlobalSection(ExtensibilityGlobals) = postSolution
		SolutionGuid = {E42C295E-E1C2-4D4E-B206-FA4937C1A513}
	EndGlobalSection
EndGlobal
